
Microsoft Visual Studio Solution File, Format Version 12.00
# Visual Studio Version 16
VisualStudioVersion = 16.0.30611.23
MinimumVisualStudioVersion = 10.0.40219.1
Project("{888888A0-9F3D-457C-B088-3A5042F75D52}") = "Menu_Vkladki", "Menu_Vkladki.pyproj", "{3EDBBCA2-6150-477F-9029-C7BE84B9BFE2}"
EndProject
Global
	GlobalSection(SolutionConfigurationPlatforms) = preSolution
		Debug|Any CPU = Debug|Any CPU
		Release|Any CPU = Release|Any CPU
	EndGlobalSection
	GlobalSection(ProjectConfigurationPlatforms) = postSolution
		{3EDBBCA2-6150-477F-9029-C7BE84B9BFE2}.Debug|Any CPU.ActiveCfg = Debug|Any CPU
		{3EDBBCA2-6150-477F-9029-C7BE84B9BFE2}.Release|Any CPU.ActiveCfg = Release|Any CPU
	EndGlobalSection
	GlobalSection(SolutionProperties) = preSolution
		HideSolutionNode = FALSE
	EndGlobalSection
	GlobalSection(ExtensibilityGlobals) = postSolution
		SolutionGuid = {58777328-847C-4F48-BC00-5D1CF5AC4A5F}
	EndGlobalSection
EndGlobal
